
Microsoft Visual Studio Solution File, Format Version 12.00
# Visual Studio Version 17
VisualStudioVersion = 17.14.36414.22 d17.14
MinimumVisualStudioVersion = 10.0.40219.1
Project("{C9674DCB-5085-4A16-B785-4C70DD1589BD}") = "Final Project Book Gravity", "Final Project Book Gravity\Final Project Book Gravity.dtproj", "{5E942413-0C62-A2A6-E63E-A62A7AD6580E}"
EndProject
Global
	GlobalSection(SolutionConfigurationPlatforms) = preSolution
		Development|Default = Development|Default
	EndGlobalSection
	GlobalSection(ProjectConfigurationPlatforms) = postSolution
		{5E942413-0C62-A2A6-E63E-A62A7AD6580E}.Development|Default.ActiveCfg = Development
		{5E942413-0C62-A2A6-E63E-A62A7AD6580E}.Development|Default.Build.0 = Development
	EndGlobalSection
	GlobalSection(SolutionProperties) = preSolution
		HideSolutionNode = FALSE
	EndGlobalSection
	GlobalSection(ExtensibilityGlobals) = postSolution
		SolutionGuid = {0A040BCB-BB67-4A46-960F-A9595B7405C4}
	EndGlobalSection
EndGlobal
